
Microsoft Visual Studio Solution File, Format Version 12.00
# Visual Studio 2012
Project("{FAE04EC0-301F-11D3-BF4B-00C04F79EFBC}") = "AreaAndPerimeter", "AreaAndPerimeter\AreaAndPerimeter.csproj", "{51A46BD6-B59D-435D-A477-7BF1FCCB171D}"
EndProject
Global
	GlobalSection(SolutionConfigurationPlatforms) = preSolution
		Debug|Any CPU = Debug|Any CPU
		Release|Any CPU = Release|Any CPU
	EndGlobalSection
	GlobalSection(ProjectConfigurationPlatforms) = postSolution
		{51A46BD6-B59D-435D-A477-7BF1FCCB171D}.Debug|Any CPU.ActiveCfg = Debug|Any CPU
		{51A46BD6-B59D-435D-A477-7BF1FCCB171D}.Debug|Any CPU.Build.0 = Debug|Any CPU
		{51A46BD6-B59D-435D-A477-7BF1FCCB171D}.Release|Any CPU.ActiveCfg = Release|Any CPU
		{51A46BD6-B59D-435D-A477-7BF1FCCB171D}.Release|Any CPU.Build.0 = Release|Any CPU
	EndGlobalSection
	GlobalSection(SolutionProperties) = preSolution
		HideSolutionNode = FALSE
	EndGlobalSection
EndGlobal
